
Microsoft Visual Studio Solution File, Format Version 12.00
Project("{FAE04EC0-301F-11D3-BF4B-00C04F79EFBC}") = "MindBox", "MindBox\MindBox.csproj", "{088BECF5-715E-4EB7-9477-03F6C1C0EFCF}"
EndProject
Global
	GlobalSection(SolutionConfigurationPlatforms) = preSolution
		Debug|Any CPU = Debug|Any CPU
		Release|Any CPU = Release|Any CPU
	EndGlobalSection
	GlobalSection(ProjectConfigurationPlatforms) = postSolution
		{088BECF5-715E-4EB7-9477-03F6C1C0EFCF}.Debug|Any CPU.ActiveCfg = Debug|Any CPU
		{088BECF5-715E-4EB7-9477-03F6C1C0EFCF}.Debug|Any CPU.Build.0 = Debug|Any CPU
		{088BECF5-715E-4EB7-9477-03F6C1C0EFCF}.Release|Any CPU.ActiveCfg = Release|Any CPU
		{088BECF5-715E-4EB7-9477-03F6C1C0EFCF}.Release|Any CPU.Build.0 = Release|Any CPU
	EndGlobalSection
EndGlobal
